
Microsoft Visual Studio Solution File, Format Version 12.00
# Visual Studio Version 17
VisualStudioVersion = 17.0.31903.59
MinimumVisualStudioVersion = 10.0.40219.1
Project("{2150E333-8FDC-42A3-9474-1A3956D46DE8}") = "src", "src", "{827E0CD3-B72D-47B6-A68D-7590B98EB39B}"
EndProject
Project("{FAE04EC0-301F-11D3-BF4B-00C04F79EFBC}") = "APITodo", "src\APITodo\APITodo.csproj", "{3B9894C1-9E66-4564-BD87-D39700544D9D}"
EndProject
Project("{FAE04EC0-301F-11D3-BF4B-00C04F79EFBC}") = "APITodo.Application", "src\APITodo.Application\APITodo.Application.csproj", "{22B56E3C-9FAF-48A8-8366-659B92072FF2}"
EndProject
Project("{FAE04EC0-301F-11D3-BF4B-00C04F79EFBC}") = "APITodo.Domain", "src\APITodo.Domain\APITodo.Domain.csproj", "{F684F2F9-799C-4F97-8DE6-A1E143C81B0B}"
EndProject
Project("{FAE04EC0-301F-11D3-BF4B-00C04F79EFBC}") = "APITodo.Infrastructure", "src\APITodo.Infrastructure\APITodo.Infrastructure.csproj", "{F6558D6B-7C04-4386-B257-548A8D9AF28F}"
EndProject
Global
	GlobalSection(SolutionConfigurationPlatforms) = preSolution
		Debug|Any CPU = Debug|Any CPU
		Debug|x64 = Debug|x64
		Debug|x86 = Debug|x86
		Release|Any CPU = Release|Any CPU
		Release|x64 = Release|x64
		Release|x86 = Release|x86
	EndGlobalSection
	GlobalSection(ProjectConfigurationPlatforms) = postSolution
		{3B9894C1-9E66-4564-BD87-D39700544D9D}.Debug|Any CPU.ActiveCfg = Debug|Any CPU
		{3B9894C1-9E66-4564-BD87-D39700544D9D}.Debug|Any CPU.Build.0 = Debug|Any CPU
		{3B9894C1-9E66-4564-BD87-D39700544D9D}.Debug|x64.ActiveCfg = Debug|Any CPU
		{3B9894C1-9E66-4564-BD87-D39700544D9D}.Debug|x64.Build.0 = Debug|Any CPU
		{3B9894C1-9E66-4564-BD87-D39700544D9D}.Debug|x86.ActiveCfg = Debug|Any CPU
		{3B9894C1-9E66-4564-BD87-D39700544D9D}.Debug|x86.Build.0 = Debug|Any CPU
		{3B9894C1-9E66-4564-BD87-D39700544D9D}.Release|Any CPU.ActiveCfg = Release|Any CPU
		{3B9894C1-9E66-4564-BD87-D39700544D9D}.Release|Any CPU.Build.0 = Release|Any CPU
		{3B9894C1-9E66-4564-BD87-D39700544D9D}.Release|x64.ActiveCfg = Release|Any CPU
		{3B9894C1-9E66-4564-BD87-D39700544D9D}.Release|x64.Build.0 = Release|Any CPU
		{3B9894C1-9E66-4564-BD87-D39700544D9D}.Release|x86.ActiveCfg = Release|Any CPU
		{3B9894C1-9E66-4564-BD87-D39700544D9D}.Release|x86.Build.0 = Release|Any CPU
		{22B56E3C-9FAF-48A8-8366-659B92072FF2}.Debug|Any CPU.ActiveCfg = Debug|Any CPU
		{22B56E3C-9FAF-48A8-8366-659B92072FF2}.Debug|Any CPU.Build.0 = Debug|Any CPU
		{22B56E3C-9FAF-48A8-8366-659B92072FF2}.Debug|x64.ActiveCfg = Debug|Any CPU
		{22B56E3C-9FAF-48A8-8366-659B92072FF2}.Debug|x64.Build.0 = Debug|Any CPU
		{22B56E3C-9FAF-48A8-8366-659B92072FF2}.Debug|x86.ActiveCfg = Debug|Any CPU
		{22B56E3C-9FAF-48A8-8366-659B92072FF2}.Debug|x86.Build.0 = Debug|Any CPU
		{22B56E3C-9FAF-48A8-8366-659B92072FF2}.Release|Any CPU.ActiveCfg = Release|Any CPU
		{22B56E3C-9FAF-48A8-8366-659B92072FF2}.Release|Any CPU.Build.0 = Release|Any CPU
		{22B56E3C-9FAF-48A8-8366-659B92072FF2}.Release|x64.ActiveCfg = Release|Any CPU
		{22B56E3C-9FAF-48A8-8366-659B92072FF2}.Release|x64.Build.0 = Release|Any CPU
		{22B56E3C-9FAF-48A8-8366-659B92072FF2}.Release|x86.ActiveCfg = Release|Any CPU
		{22B56E3C-9FAF-48A8-8366-659B92072FF2}.Release|x86.Build.0 = Release|Any CPU
		{F684F2F9-799C-4F97-8DE6-A1E143C81B0B}.Debug|Any CPU.ActiveCfg = Debug|Any CPU
		{F684F2F9-799C-4F97-8DE6-A1E143C81B0B}.Debug|Any CPU.Build.0 = Debug|Any CPU
		{F684F2F9-799C-4F97-8DE6-A1E143C81B0B}.Debug|x64.ActiveCfg = Debug|Any CPU
		{F684F2F9-799C-4F97-8DE6-A1E143C81B0B}.Debug|x64.Build.0 = Debug|Any CPU
		{F684F2F9-799C-4F97-8DE6-A1E143C81B0B}.Debug|x86.ActiveCfg = Debug|Any CPU
		{F684F2F9-799C-4F97-8DE6-A1E143C81B0B}.Debug|x86.Build.0 = Debug|Any CPU
		{F684F2F9-799C-4F97-8DE6-A1E143C81B0B}.Release|Any CPU.ActiveCfg = Release|Any CPU
		{F684F2F9-799C-4F97-8DE6-A1E143C81B0B}.Release|Any CPU.Build.0 = Release|Any CPU
		{F684F2F9-799C-4F97-8DE6-A1E143C81B0B}.Release|x64.ActiveCfg = Release|Any CPU
		{F684F2F9-799C-4F97-8DE6-A1E143C81B0B}.Release|x64.Build.0 = Release|Any CPU
		{F684F2F9-799C-4F97-8DE6-A1E143C81B0B}.Release|x86.ActiveCfg = Release|Any CPU
		{F684F2F9-799C-4F97-8DE6-A1E143C81B0B}.Release|x86.Build.0 = Release|Any CPU
		{F6558D6B-7C04-4386-B257-548A8D9AF28F}.Debug|Any CPU.ActiveCfg = Debug|Any CPU
		{F6558D6B-7C04-4386-B257-548A8D9AF28F}.Debug|Any CPU.Build.0 = Debug|Any CPU
		{F6558D6B-7C04-4386-B257-548A8D9AF28F}.Debug|x64.ActiveCfg = Debug|Any CPU
		{F6558D6B-7C04-4386-B257-548A8D9AF28F}.Debug|x64.Build.0 = Debug|Any CPU
		{F6558D6B-7C04-4386-B257-548A8D9AF28F}.Debug|x86.ActiveCfg = Debug|Any CPU
		{F6558D6B-7C04-4386-B257-548A8D9AF28F}.Debug|x86.Build.0 = Debug|Any CPU
		{F6558D6B-7C04-4386-B257-548A8D9AF28F}.Release|Any CPU.ActiveCfg = Release|Any CPU
		{F6558D6B-7C04-4386-B257-548A8D9AF28F}.Release|Any CPU.Build.0 = Release|Any CPU
		{F6558D6B-7C04-4386-B257-548A8D9AF28F}.Release|x64.ActiveCfg = Release|Any CPU
		{F6558D6B-7C04-4386-B257-548A8D9AF28F}.Release|x64.Build.0 = Release|Any CPU
		{F6558D6B-7C04-4386-B257-548A8D9AF28F}.Release|x86.ActiveCfg = Release|Any CPU
		{F6558D6B-7C04-4386-B257-548A8D9AF28F}.Release|x86.Build.0 = Release|Any CPU
	EndGlobalSection
	GlobalSection(SolutionProperties) = preSolution
		HideSolutionNode = FALSE
	EndGlobalSection
	GlobalSection(NestedProjects) = preSolution
		{3B9894C1-9E66-4564-BD87-D39700544D9D} = {827E0CD3-B72D-47B6-A68D-7590B98EB39B}
		{22B56E3C-9FAF-48A8-8366-659B92072FF2} = {827E0CD3-B72D-47B6-A68D-7590B98EB39B}
		{F684F2F9-799C-4F97-8DE6-A1E143C81B0B} = {827E0CD3-B72D-47B6-A68D-7590B98EB39B}
		{F6558D6B-7C04-4386-B257-548A8D9AF28F} = {827E0CD3-B72D-47B6-A68D-7590B98EB39B}
	EndGlobalSection
EndGlobal
